# This file is automatically @generated by Cargo.
# It is not intended for manual editing.
version = 4

[[package]]
name = "common"
version = "0.1.0"

[[package]]
name = "kudi"
version = "0.1.0"
dependencies = [
 "common",
]

[[package]]
name = "plunk"
version = "0.1.0"
dependencies = [
 "common",
]

[[package]]
name = "sendgrid"
version = "0.1.0"
dependencies = [
 "common",
]

[[package]]
name = "twilio"
version = "0.1.0"
dependencies = [
 "common",
]
